// !$*UTF8*$!
{
	archiveVersion = 1;
	classes = {
	};
	objectVersion = 46;
	objects = {

/* Begin PBXBuildFile section */
		F497E5C91B9F545A00FB5FB1 /* AppDelegate.swift in Sources */ = {isa = PBXBuildFile; fileRef = F497E5C81B9F545A00FB5FB1 /* AppDelegate.swift */; };
		F497E5CB1B9F545B00FB5FB1 /* ViewController.swift in Sources */ = {isa = PBXBuildFile; fileRef = F497E5CA1B9F545B00FB5FB1 /* ViewController.swift */; };
		F497E5CE1B9F545B00FB5FB1 /* Main.storyboard in Resources */ = {isa = PBXBuildFile; fileRef = F497E5CC1B9F545B00FB5FB1 /* Main.storyboard */; };
		F497E5D01B9F545B00FB5FB1 /* Images.xcassets in Resources */ = {isa = PBXBuildFile; fileRef = F497E5CF1B9F545B00FB5FB1 /* Images.xcassets */; };
		F497E5D31B9F545B00FB5FB1 /* LaunchScreen.xib in Resources */ = {isa = PBXBuildFile; fileRef = F497E5D11B9F545B00FB5FB1 /* LaunchScreen.xib */; };
		F497E5DF1B9F545B00FB5FB1 /* Sts44bMapLocationsTests.swift in Sources */ = {isa = PBXBuildFile; fileRef = F497E5DE1B9F545B00FB5FB1 /* Sts44bMapLocationsTests.swift */; };
/* End PBXBuildFile section */

/* Begin PBXContainerItemProxy section */
		F497E5D91B9F545B00FB5FB1 /* PBXContainerItemProxy */ = {
			isa = PBXContainerItemProxy;
			containerPortal = F497E5BB1B9F545A00FB5FB1 /* Project object */;
			proxyType = 1;
			remoteGlobalIDString = F497E5C21B9F545A00FB5FB1;
			remoteInfo = Sts44bMapLocations;
		};
/* End PBXContainerItemProxy section */

/* Begin PBXFileReference section */
		F497E5C31B9F545A00FB5FB1 /* Sts44bMapLocations.app */ = {isa = PBXFileReference; explicitFileType = wrapper.application; includeInIndex = 0; path = Sts44bMapLocations.app; sourceTree = BUILT_PRODUCTS_DIR; };
		F497E5C71B9F545A00FB5FB1 /* Info.plist */ = {isa = PBXFileReference; lastKnownFileType = text.plist.xml; path = Info.plist; sourceTree = "<group>"; };
		F497E5C81B9F545A00FB5FB1 /* AppDelegate.swift */ = {isa = PBXFileReference; lastKnownFileType = sourcecode.swift; path = AppDelegate.swift; sourceTree = "<group>"; };
		F497E5CA1B9F545B00FB5FB1 /* ViewController.swift */ = {isa = PBXFileReference; lastKnownFileType = sourcecode.swift; path = ViewController.swift; sourceTree = "<group>"; };
		F497E5CD1B9F545B00FB5FB1 /* Base */ = {isa = PBXFileReference; lastKnownFileType = file.storyboard; name = Base; path = Base.lproj/Main.storyboard; sourceTree = "<group>"; };
		F497E5CF1B9F545B00FB5FB1 /* Images.xcassets */ = {isa = PBXFileReference; lastKnownFileType = folder.assetcatalog; path = Images.xcassets; sourceTree = "<group>"; };
		F497E5D21B9F545B00FB5FB1 /* Base */ = {isa = PBXFileReference; lastKnownFileType = file.xib; name = Base; path = Base.lproj/LaunchScreen.xib; sourceTree = "<group>"; };
		F497E5D81B9F545B00FB5FB1 /* Sts44bMapLocationsTests.xctest */ = {isa = PBXFileReference; explicitFileType = wrapper.cfbundle; includeInIndex = 0; path = Sts44bMapLocationsTests.xctest; sourceTree = BUILT_PRODUCTS_DIR; };
		F497E5DD1B9F545B00FB5FB1 /* Info.plist */ = {isa = PBXFileReference; lastKnownFileType = text.plist.xml; path = Info.plist; sourceTree = "<group>"; };
		F497E5DE1B9F545B00FB5FB1 /* Sts44bMapLocationsTests.swift */ = {isa = PBXFileReference; lastKnownFileType = sourcecode.swift; path = Sts44bMapLocationsTests.swift; sourceTree = "<group>"; };
/* End PBXFileReference section */

/* Begin PBXFrameworksBuildPhase section */
		F497E5C01B9F545A00FB5FB1 /* Frameworks */ = {
			isa = PBXFrameworksBuildPhase;
			buildActionMask = 2147483647;
			files = (
			);
			runOnlyForDeploymentPostprocessing = 0;
		};
		F497E5D51B9F545B00FB5FB1 /* Frameworks */ = {
			isa = PBXFrameworksBuildPhase;
			buildActionMask = 2147483647;
			files = (
			);
			runOnlyForDeploymentPostprocessing = 0;
		};
/* End PBXFrameworksBuildPhase section */

/* Begin PBXGroup section */
		F497E5BA1B9F545A00FB5FB1 = {
			isa = PBXGroup;
			children = (
				F497E5C51B9F545A00FB5FB1 /* Sts44bMapLocations */,
				F497E5DB1B9F545B00FB5FB1 /* Sts44bMapLocationsTests */,
				F497E5C41B9F545A00FB5FB1 /* Products */,
			);
			sourceTree = "<group>";
		};
		F497E5C41B9F545A00FB5FB1 /* Products */ = {
			isa = PBXGroup;
			children = (
				F497E5C31B9F545A00FB5FB1 /* Sts44bMapLocations.app */,
				F497E5D81B9F545B00FB5FB1 /* Sts44bMapLocationsTests.xctest */,
			);
			name = Products;
			sourceTree = "<group>";
		};
		F497E5C51B9F545A00FB5FB1 /* Sts44bMapLocations */ = {
			isa = PBXGroup;
			children = (
				F497E5C81B9F545A00FB5FB1 /* AppDelegate.swift */,
				F497E5CA1B9F545B00FB5FB1 /* ViewController.swift */,
				F497E5CC1B9F545B00FB5FB1 /* Main.storyboard */,
				F497E5CF1B9F545B00FB5FB1 /* Images.xcassets */,
				F497E5D11B9F545B00FB5FB1 /* LaunchScreen.xib */,
				F497E5C61B9F545A00FB5FB1 /* Supporting Files */,
			);
			path = Sts44bMapLocations;
			sourceTree = "<group>";
		};
		F497E5C61B9F545A00FB5FB1 /* Supporting Files */ = {
			isa = PBXGroup;
			children = (
				F497E5C71B9F545A00FB5FB1 /* Info.plist */,
			);
			name = "Supporting Files";
			sourceTree = "<group>";
		};
		F497E5DB1B9F545B00FB5FB1 /* Sts44bMapLocationsTests */ = {
			isa = PBXGroup;
			children = (
				F497E5DE1B9F545B00FB5FB1 /* Sts44bMapLocationsTests.swift */,
				F497E5DC1B9F545B00FB5FB1 /* Supporting Files */,
			);
			path = Sts44bMapLocationsTests;
			sourceTree = "<group>";
		};
		F497E5DC1B9F545B00FB5FB1 /* Supporting Files */ = {
			isa = PBXGroup;
			children = (
				F497E5DD1B9F545B00FB5FB1 /* Info.plist */,
			);
			name = "Supporting Files";
			sourceTree = "<group>";
		};
/* End PBXGroup section */

/* Begin PBXNativeTarget section */
		F497E5C21B9F545A00FB5FB1 /* Sts44bMapLocations */ = {
			isa = PBXNativeTarget;
			buildConfigurationList = F497E5E21B9F545B00FB5FB1 /* Build configuration list for PBXNativeTarget "Sts44bMapLocations" */;
			buildPhases = (
				F497E5BF1B9F545A00FB5FB1 /* Sources */,
				F497E5C01B9F545A00FB5FB1 /* Frameworks */,
				F497E5C11B9F545A00FB5FB1 /* Resources */,
			);
			buildRules = (
			);
			dependencies = (
			);
			name = Sts44bMapLocations;
			productName = Sts44bMapLocations;
			productReference = F497E5C31B9F545A00FB5FB1 /* Sts44bMapLocations.app */;
			productType = "com.apple.product-type.application";
		};
		F497E5D71B9F545B00FB5FB1 /* Sts44bMapLocationsTests */ = {
			isa = PBXNativeTarget;
			buildConfigurationList = F497E5E51B9F545B00FB5FB1 /* Build configuration list for PBXNativeTarget "Sts44bMapLocationsTests" */;
			buildPhases = (
				F497E5D41B9F545B00FB5FB1 /* Sources */,
				F497E5D51B9F545B00FB5FB1 /* Frameworks */,
				F497E5D61B9F545B00FB5FB1 /* Resources */,
			);
			buildRules = (
			);
			dependencies = (
				F497E5DA1B9F545B00FB5FB1 /* PBXTargetDependency */,
			);
			name = Sts44bMapLocationsTests;
			productName = Sts44bMapLocationsTests;
			productReference = F497E5D81B9F545B00FB5FB1 /* Sts44bMapLocationsTests.xctest */;
			productType = "com.apple.product-type.bundle.unit-test";
		};
/* End PBXNativeTarget section */

/* Begin PBXProject section */
		F497E5BB1B9F545A00FB5FB1 /* Project object */ = {
			isa = PBXProject;
			attributes = {
				LastUpgradeCheck = 0640;
				ORGANIZATIONNAME = "Seanmichael Stanley";
				TargetAttributes = {
					F497E5C21B9F545A00FB5FB1 = {
						CreatedOnToolsVersion = 6.4;
					};
					F497E5D71B9F545B00FB5FB1 = {
						CreatedOnToolsVersion = 6.4;
						TestTargetID = F497E5C21B9F545A00FB5FB1;
					};
				};
			};
			buildConfigurationList = F497E5BE1B9F545A00FB5FB1 /* Build configuration list for PBXProject "Sts44bMapLocations" */;
			compatibilityVersion = "Xcode 3.2";
			developmentRegion = English;
			hasScannedForEncodings = 0;
			knownRegions = (
				en,
				Base,
			);
			mainGroup = F497E5BA1B9F545A00FB5FB1;
			productRefGroup = F497E5C41B9F545A00FB5FB1 /* Products */;
			projectDirPath = "";
			projectRoot = "";
			targets = (
				F497E5C21B9F545A00FB5FB1 /* Sts44bMapLocations */,
				F497E5D71B9F545B00FB5FB1 /* Sts44bMapLocationsTests */,
			);
		};
/* End PBXProject section */

/* Begin PBXResourcesBuildPhase section */
		F497E5C11B9F545A00FB5FB1 /* Resources */ = {
			isa = PBXResourcesBuildPhase;
			buildActionMask = 2147483647;
			files = (
				F497E5CE1B9F545B00FB5FB1 /* Main.storyboard in Resources */,
				F497E5D31B9F545B00FB5FB1 /* LaunchScreen.xib in Resources */,
				F497E5D01B9F545B00FB5FB1 /* Images.xcassets in Resources */,
			);
			runOnlyForDeploymentPostprocessing = 0;
		};
		F497E5D61B9F545B00FB5FB1 /* Resources */ = {
			isa = PBXResourcesBuildPhase;
			buildActionMask = 2147483647;
			files = (
			);
			runOnlyForDeploymentPostprocessing = 0;
		};
/* End PBXResourcesBuildPhase section */

/* Begin PBXSourcesBuildPhase section */
		F497E5BF1B9F545A00FB5FB1 /* Sources */ = {
			isa = PBXSourcesBuildPhase;
			buildActionMask = 2147483647;
			files = (
				F497E5CB1B9F545B00FB5FB1 /* ViewController.swift in Sources */,
				F497E5C91B9F545A00FB5FB1 /* AppDelegate.swift in Sources */,
			);
			runOnlyForDeploymentPostprocessing = 0;
		};
		F497E5D41B9F545B00FB5FB1 /* Sources */ = {
			isa = PBXSourcesBuildPhase;
			buildActionMask = 2147483647;
			files = (
				F497E5DF1B9F545B00FB5FB1 /* Sts44bMapLocationsTests.swift in Sources */,
			);
			runOnlyForDeploymentPostprocessing = 0;
		};
/* End PBXSourcesBuildPhase section */

/* Begin PBXTargetDependency section */
		F497E5DA1B9F545B00FB5FB1 /* PBXTargetDependency */ = {
			isa = PBXTargetDependency;
			target = F497E5C21B9F545A00FB5FB1 /* Sts44bMapLocations */;
			targetProxy = F497E5D91B9F545B00FB5FB1 /* PBXContainerItemProxy */;
		};
/* End PBXTargetDependency section */

/* Begin PBXVariantGroup section */
		F497E5CC1B9F545B00FB5FB1 /* Main.storyboard */ = {
			isa = PBXVariantGroup;
			children = (
				F497E5CD1B9F545B00FB5FB1 /* Base */,
			);
			name = Main.storyboard;
			sourceTree = "<group>";
		};
		F497E5D11B9F545B00FB5FB1 /* LaunchScreen.xib */ = {
			isa = PBXVariantGroup;
			children = (
				F497E5D21B9F545B00FB5FB1 /* Base */,
			);
			name = LaunchScreen.xib;
			sourceTree = "<group>";
		};
/* End PBXVariantGroup section */

/* Begin XCBuildConfiguration section */
		F497E5E01B9F545B00FB5FB1 /* Debug */ = {
			isa = XCBuildConfiguration;
			buildSettings = {
				ALWAYS_SEARCH_USER_PATHS = NO;
				CLANG_CXX_LANGUAGE_STANDARD = "gnu++0x";
				CLANG_CXX_LIBRARY = "libc++";
				CLANG_ENABLE_MODULES = YES;
				CLANG_ENABLE_OBJC_ARC = YES;
				CLANG_WARN_BOOL_CONVERSION = YES;
				CLANG_WARN_CONSTANT_CONVERSION = YES;
				CLANG_WARN_DIRECT_OBJC_ISA_USAGE = YES_ERROR;
				CLANG_WARN_EMPTY_BODY = YES;
				CLANG_WARN_ENUM_CONVERSION = YES;
				CLANG_WARN_INT_CONVERSION = YES;
				CLANG_WARN_OBJC_ROOT_CLASS = YES_ERROR;
				CLANG_WARN_UNREACHABLE_CODE = YES;
				CLANG_WARN__DUPLICATE_METHOD_MATCH = YES;
				"CODE_SIGN_IDENTITY[sdk=iphoneos*]" = "iPhone Developer";
				COPY_PHASE_STRIP = NO;
				DEBUG_INFORMATION_FORMAT = "dwarf-with-dsym";
				ENABLE_STRICT_OBJC_MSGSEND = YES;
				GCC_C_LANGUAGE_STANDARD = gnu99;
				GCC_DYNAMIC_NO_PIC = NO;
				GCC_NO_COMMON_BLOCKS = YES;
				GCC_OPTIMIZATION_LEVEL = 0;
				GCC_PREPROCESSOR_DEFINITIONS = (
					"DEBUG=1",
					"$(inherited)",
				);
				GCC_SYMBOLS_PRIVATE_EXTERN = NO;
				GCC_WARN_64_TO_32_BIT_CONVERSION = YES;
				GCC_WARN_ABOUT_RETURN_TYPE = YES_ERROR;
				GCC_WARN_UNDECLARED_SELECTOR = YES;
				GCC_WARN_UNINITIALIZED_AUTOS = YES_AGGRESSIVE;
				GCC_WARN_UNUSED_FUNCTION = YES;
				GCC_WARN_UNUSED_VARIABLE = YES;
				IPHONEOS_DEPLOYMENT_TARGET = 8.4;
				MTL_ENABLE_DEBUG_INFO = YES;
				ONLY_ACTIVE_ARCH = YES;
				SDKROOT = iphoneos;
				SWIFT_OPTIMIZATION_LEVEL = "-Onone";
				TARGETED_DEVICE_FAMILY = "1,2";
			};
			name = Debug;
		};
		F497E5E11B9F545B00FB5FB1 /* Release */ = {
			isa = XCBuildConfiguration;
			buildSettings = {
				ALWAYS_SEARCH_USER_PATHS = NO;
				CLANG_CXX_LANGUAGE_STANDARD = "gnu++0x";
				CLANG_CXX_LIBRARY = "libc++";
				CLANG_ENABLE_MODULES = YES;
				CLANG_ENABLE_OBJC_ARC = YES;
				CLANG_WARN_BOOL_CONVERSION = YES;
				CLANG_WARN_CONSTANT_CONVERSION = YES;
				CLANG_WARN_DIRECT_OBJC_ISA_USAGE = YES_ERROR;
				CLANG_WARN_EMPTY_BODY = YES;
				CLANG_WARN_ENUM_CONVERSION = YES;
				CLANG_WARN_INT_CONVERSION = YES;
				CLANG_WARN_OBJC_ROOT_CLASS = YES_ERROR;
				CLANG_WARN_UNREACHABLE_CODE = YES;
				CLANG_WARN__DUPLICATE_METHOD_MATCH = YES;
				"CODE_SIGN_IDENTITY[sdk=iphoneos*]" = "iPhone Developer";
				COPY_PHASE_STRIP = NO;
				DEBUG_INFORMATION_FORMAT = "dwarf-with-dsym";
				ENABLE_NS_ASSERTIONS = NO;
				ENABLE_STRICT_OBJC_MSGSEND = YES;
				GCC_C_LANGUAGE_STANDARD = gnu99;
				GCC_NO_COMMON_BLOCKS = YES;
				GCC_WARN_64_TO_32_BIT_CONVERSION = YES;
				GCC_WARN_ABOUT_RETURN_TYPE = YES_ERROR;
				GCC_WARN_UNDECLARED_SELECTOR = YES;
				GCC_WARN_UNINITIALIZED_AUTOS = YES_AGGRESSIVE;
				GCC_WARN_UNUSED_FUNCTION = YES;
				GCC_WARN_UNUSED_VARIABLE = YES;
				IPHONEOS_DEPLOYMENT_TARGET = 8.4;
				MTL_ENABLE_DEBUG_INFO = NO;
				SDKROOT = iphoneos;
				TARGETED_DEVICE_FAMILY = "1,2";
				VALIDATE_PRODUCT = YES;
			};
			name = Release;
		};
		F497E5E31B9F545B00FB5FB1 /* Debug */ = {
			isa = XCBuildConfiguration;
			buildSettings = {
				ASSETCATALOG_COMPILER_APPICON_NAME = AppIcon;
				INFOPLIST_FILE = Sts44bMapLocations/Info.plist;
				LD_RUNPATH_SEARCH_PATHS = "$(inherited) @executable_path/Frameworks";
				PRODUCT_NAME = "$(TARGET_NAME)";
			};
			name = Debug;
		};
		F497E5E41B9F545B00FB5FB1 /* Release */ = {
			isa = XCBuildConfiguration;
			buildSettings = {
				ASSETCATALOG_COMPILER_APPICON_NAME = AppIcon;
				INFOPLIST_FILE = Sts44bMapLocations/Info.plist;
				LD_RUNPATH_SEARCH_PATHS = "$(inherited) @executable_path/Frameworks";
				PRODUCT_NAME = "$(TARGET_NAME)";
			};
			name = Release;
		};
		F497E5E61B9F545B00FB5FB1 /* Debug */ = {
			isa = XCBuildConfiguration;
			buildSettings = {
				BUNDLE_LOADER = "$(TEST_HOST)";
				FRAMEWORK_SEARCH_PATHS = (
					"$(SDKROOT)/Developer/Library/Frameworks",
					"$(inherited)",
				);
				GCC_PREPROCESSOR_DEFINITIONS = (
					"DEBUG=1",
					"$(inherited)",
				);
				INFOPLIST_FILE = Sts44bMapLocationsTests/Info.plist;
				LD_RUNPATH_SEARCH_PATHS = "$(inherited) @executable_path/Frameworks @loader_path/Frameworks";
				PRODUCT_NAME = "$(TARGET_NAME)";
				TEST_HOST = "$(BUILT_PRODUCTS_DIR)/Sts44bMapLocations.app/Sts44bMapLocations";
			};
			name = Debug;
		};
		F497E5E71B9F545B00FB5FB1 /* Release */ = {
			isa = XCBuildConfiguration;
			buildSettings = {
				BUNDLE_LOADER = "$(TEST_HOST)";
				FRAMEWORK_SEARCH_PATHS = (
					"$(SDKROOT)/Developer/Library/Frameworks",
					"$(inherited)",
				);
				INFOPLIST_FILE = Sts44bMapLocationsTests/Info.plist;
				LD_RUNPATH_SEARCH_PATHS = "$(inherited) @executable_path/Frameworks @loader_path/Frameworks";
				PRODUCT_NAME = "$(TARGET_NAME)";
				TEST_HOST = "$(BUILT_PRODUCTS_DIR)/Sts44bMapLocations.app/Sts44bMapLocations";
			};
			name = Release;
		};
/* End XCBuildConfiguration section */

/* Begin XCConfigurationList section */
		F497E5BE1B9F545A00FB5FB1 /* Build configuration list for PBXProject "Sts44bMapLocations" */ = {
			isa = XCConfigurationList;
			buildConfigurations = (
				F497E5E01B9F545B00FB5FB1 /* Debug */,
				F497E5E11B9F545B00FB5FB1 /* Release */,
			);
			defaultConfigurationIsVisible = 0;
			defaultConfigurationName = Release;
		};
		F497E5E21B9F545B00FB5FB1 /* Build configuration list for PBXNativeTarget "Sts44bMapLocations" */ = {
			isa = XCConfigurationList;
			buildConfigurations = (
				F497E5E31B9F545B00FB5FB1 /* Debug */,
				F497E5E41B9F545B00FB5FB1 /* Release */,
			);
			defaultConfigurationIsVisible = 0;
		};
		F497E5E51B9F545B00FB5FB1 /* Build configuration list for PBXNativeTarget "Sts44bMapLocationsTests" */ = {
			isa = XCConfigurationList;
			buildConfigurations = (
				F497E5E61B9F545B00FB5FB1 /* Debug */,
				F497E5E71B9F545B00FB5FB1 /* Release */,
			);
			defaultConfigurationIsVisible = 0;
		};
/* End XCConfigurationList section */
	};
	rootObject = F497E5BB1B9F545A00FB5FB1 /* Project object */;
}
